<?xml version="1.0" encoding="UTF-8" standalone="yes" ?>
<CodeBlocks_project_file>
	<FileVersion major="1" minor="6" />
	<Project>
		<Option title="Flugbuch2_wt" />
		<Option compiler="gcc" />
		<Build>
			<Target title="Debug">
				<Option output="bin/Debug/Flugbuch2_wt" prefix_auto="1" extension_auto="1" />
				<Option object_output="obj/Debug/" />
				<Option type="1" />
				<Option compiler="gcc" />
				<Option parameters="--docroot ../../../res --http-address 0.0.0.0 --http-port 8080 --config ../../../inst/wt_config.xml" />
				<Compiler>
					<Add option="-march=pentium3" />
					<Add option="-g" />
					<Add option="-D__DEBUG" />
					<Add directory="../../../src/core" />
					<Add directory="../../../src/inout" />
					<Add directory="../../../src/web" />
					<Add directory="../../../src/util" />
					<Add directory="../../../src/web/stat" />
				</Compiler>
				<Linker>
					<Add library="boost_date_time-mt-d" />
					<Add library="boost_serialization-mt-d" />
					<Add library="boost_signals-mt-d" />
					<Add library="boost_filesystem-mt-d" />
					<Add library="wtd" />
					<Add library="wtextd" />
					<Add library="wthttpd" />
					<Add library="DTL" />
					<Add library="odbc" />
					<Add directory="/usr/local/lib" />
				</Linker>
			</Target>
			<Target title="Release_fcgi_static">
				<Option output="../../../res/flugbuch2s.fcgi" prefix_auto="0" extension_auto="0" />
				<Option object_output="obj/Release_fcgi_static/" />
				<Option type="1" />
				<Option compiler="gcc" />
				<Compiler>
					<Add option="-O2" />
					<Add directory="../../../src/core" />
					<Add directory="../../../src/inout" />
					<Add directory="../../../src/web" />
					<Add directory="../../../src/util" />
					<Add directory="../../../src/web/stat" />
				</Compiler>
				<Linker>
					<Add option="-s" />
					<Add library="/usr/lib/libboost_date_time-mt-s.a" />
					<Add library="/usr/lib/libboost_serialization-mt-s.a" />
					<Add library="/usr/lib/libboost_signals-mt-s.a" />
					<Add library="/usr/lib/libboost_filesystem-mt-s.a" />
					<Add library="/usr/lib/libboost_thread-mt-s.a" />
					<Add library="/usr/lib/libboost_program_options-mt-s.a" />
					<Add library="/usr/lib/libboost_regex-mt-s.a" />
					<Add library="/usr/lib/libboost_system-mt-s.a" />
					<Add library="/usr/lib/libpthread.a" />
					<Add library="/usr/lib/libfcgi.a" />
					<Add library="/usr/lib/libodbc.a" />
					<Add library="/usr/lib/libc.a" />
					<Add library="/usr/lib/librt.a" />
					<Add library="/usr/lib/libwt.a" />
					<Add library="/usr/lib/libwtext.a" />
					<Add library="/usr/lib/libwtfcgi.a" />
				</Linker>
			</Target>
			<Target title="Release_fcgi">
				<Option output="../../../res/flugbuch2.fcgi" prefix_auto="0" extension_auto="0" />
				<Option object_output="obj/Release_fcgi/" />
				<Option type="1" />
				<Option compiler="gcc" />
				<Option parameters="--docroot ../../../res --http-address 0.0.0.0 --http-port 8080 --config ../../../inst/wt_config.xml" />
				<Compiler>
					<Add option="-O2" />
					<Add directory="../../../src/core" />
					<Add directory="../../../src/inout" />
					<Add directory="../../../src/web" />
					<Add directory="../../../src/util" />
					<Add directory="../../../src/web/stat" />
				</Compiler>
				<Linker>
					<Add option="-s" />
					<Add library="boost_date_time-mt" />
					<Add library="boost_serialization-mt" />
					<Add library="boost_signals-mt" />
					<Add library="boost_filesystem-mt" />
					<Add library="wt" />
					<Add library="wtext" />
					<Add library="wtfcgi" />
				</Linker>
			</Target>
			<Target title="Release_http">
				<Option output="bin/Release/Flugbuch2_wt" prefix_auto="1" extension_auto="1" />
				<Option object_output="obj/Release_http/" />
				<Option type="1" />
				<Option compiler="gcc" />
				<Option parameters="--docroot ../../../res --http-address 0.0.0.0 --http-port 8080 --config ../../../inst/wt_config.xml" />
				<Compiler>
					<Add option="-O2" />
					<Add directory="../../../src/core" />
					<Add directory="../../../src/inout" />
					<Add directory="../../../src/web" />
					<Add directory="../../../src/util" />
					<Add directory="../../../src/web/stat" />
				</Compiler>
				<Linker>
					<Add option="-s" />
					<Add library="boost_date_time-mt" />
					<Add library="boost_serialization-mt" />
					<Add library="boost_signals-mt" />
					<Add library="boost_filesystem-mt" />
					<Add library="wt" />
					<Add library="wtext" />
					<Add library="wthttp" />
					<Add library="DTL" />
					<Add library="odbc" />
				</Linker>
			</Target>
			<Target title="Debug_MSVC">
				<Option platforms="Windows;" />
				<Option output="bin/Debug_MSVC/Flugbuch2_wt" prefix_auto="1" extension_auto="1" />
				<Option object_output="obj/Debug_MSVC/" />
				<Option type="1" />
				<Option compiler="msvc8" />
				<Option use_console_runner="0" />
				<Option parameters="--docroot ../../../res --http-address 0.0.0.0 --http-port 8080 --config ../../../inst/wt_config.xml" />
				<Compiler>
					<Add option="/MDd" />
					<Add option="/EHs" />
					<Add option="/GR" />
					<Add option="/Od" />
					<Add option="/W2" />
					<Add option="/Zc:forScope" />
					<Add option="/Zi /D_DEBUG" />
					<Add option="/DWIN32" />
					<Add option="/D_DEBUG" />
					<Add option="/D_CONSOLE" />
					<Add directory="../../../src/core" />
					<Add directory="../../../src/inout" />
					<Add directory="../../../src/web" />
					<Add directory="../../../src/util" />
					<Add directory="../../../src/web/stat" />
				</Compiler>
				<Linker>
					<Add option="/DEBUG" />
					<Add library="libboost_date_time-vc80-mt-gd-1_38" />
					<Add library="libboost_serialization-vc80-mt-gd-1_38" />
					<Add library="libboost_signals-vc80-mt-gd-1_38" />
					<Add library="wtd" />
					<Add library="wtextd" />
					<Add library="wthttpd" />
					<Add library="Advapi32.lib" />
					<Add library="Winmm.lib" />
					<Add library="shell32.lib" />
					<Add library="DTL_d.lib" />
					<Add library="odbc32.lib" />
					<Add library="odbccp32.lib" />
				</Linker>
			</Target>
			<Target title="Release_MSVC">
				<Option platforms="Windows;" />
				<Option output="bin/Release_MSVC/Flugbuch2_wt" prefix_auto="1" extension_auto="1" />
				<Option object_output="obj/Release_MSVC/" />
				<Option type="1" />
				<Option compiler="msvc8" />
				<Option use_console_runner="0" />
				<Option parameters="--docroot ../../../res --http-address 0.0.0.0 --http-port 8080 --config ../../../inst/wt_config.xml" />
				<Compiler>
					<Add option="/MD" />
					<Add option="/EHs" />
					<Add option="/GR" />
					<Add option="/O2" />
					<Add option="/W2" />
					<Add option="/Zc:forScope" />
					<Add option="/DWIN32" />
					<Add option="/DNDEBUG" />
					<Add option="/D_CONSOLE" />
					<Add directory="../../../src/core" />
					<Add directory="../../../src/inout" />
					<Add directory="../../../src/web" />
					<Add directory="../../../src/util" />
					<Add directory="../../../src/web/stat" />
				</Compiler>
				<Linker>
					<Add library="libboost_date_time-vc80-mt-1_38" />
					<Add library="libboost_serialization-vc80-mt-1_38" />
					<Add library="libboost_signals-vc80-mt-1_38" />
					<Add library="wt" />
					<Add library="wtext" />
					<Add library="wthttp" />
					<Add library="Advapi32.lib" />
					<Add library="Winmm.lib" />
					<Add library="shell32.lib" />
					<Add library="DTL.lib" />
					<Add library="odbc32.lib" />
					<Add library="odbccp32.lib" />
				</Linker>
			</Target>
		</Build>
		<Compiler>
			<Add option="-Wall" />
			<Add option="-fexceptions" />
		</Compiler>
		<Unit filename="../../../res/flugbuch2.css" />
		<Unit filename="../../../res/img/add.png" />
		<Unit filename="../../../res/img/delete.png" />
		<Unit filename="../../../res/img/edit.png" />
		<Unit filename="../../../res/img/home.png" />
		<Unit filename="../../../res/img/map.png" />
		<Unit filename="../../../res/img/print.png" />
		<Unit filename="../../../res/img/save.png" />
		<Unit filename="../../../res/img/undo.png" />
		<Unit filename="../../../src/core/CoreStructures.cpp" />
		<Unit filename="../../../src/core/CoreStructures.h" />
		<Unit filename="../../../src/core/FlightDatabase.cpp" />
		<Unit filename="../../../src/core/FlightDatabase.h" />
		<Unit filename="../../../src/core/GenGeomLibSerialize.h" />
		<Unit filename="../../../src/core/MainExternalIncludes.h" />
		<Unit filename="../../../src/inout/inout.h" />
		<Unit filename="../../../src/inout/inout_flyhigh.cpp">
			<Option target="Debug" />
			<Option target="Release_http" />
			<Option target="Debug_MSVC" />
			<Option target="Release_MSVC" />
		</Unit>
		<Unit filename="../../../src/inout/inout_flyhigh.h">
			<Option target="Debug" />
			<Option target="Release_fcgi_static" />
			<Option target="Release_http" />
			<Option target="Debug_MSVC" />
			<Option target="Release_MSVC" />
		</Unit>
		<Unit filename="../../../src/inout/inout_igc.cpp" />
		<Unit filename="../../../src/inout/inout_igc.h" />
		<Unit filename="../../../src/inout/inout_mdb.cpp">
			<Option target="Debug" />
			<Option target="Release_fcgi_static" />
			<Option target="Release_http" />
			<Option target="Release_fcgi" />
		</Unit>
		<Unit filename="../../../src/inout/inout_mdb.h">
			<Option target="Debug" />
			<Option target="Release_fcgi_static" />
			<Option target="Release_http" />
			<Option target="Release_fcgi" />
		</Unit>
		<Unit filename="../../../src/inout/inout_mdb_win.cpp">
			<Option target="Debug_MSVC" />
			<Option target="Release_MSVC" />
		</Unit>
		<Unit filename="../../../src/inout/inout_mdb_win.h">
			<Option target="Debug_MSVC" />
			<Option target="Release_MSVC" />
		</Unit>
		<Unit filename="../../../src/inout/inout_xml.cpp" />
		<Unit filename="../../../src/inout/inout_xml.h" />
		<Unit filename="../../../src/util/FormatStr.h" />
		<Unit filename="../../../src/util/LocaleFormatting.h" />
		<Unit filename="../../../src/util/SystemInformation.cpp" />
		<Unit filename="../../../src/util/SystemInformation.h" />
		<Unit filename="../../../src/web/AreaTable.cpp" />
		<Unit filename="../../../src/web/AreaTable.h" />
		<Unit filename="../../../src/web/DetailTableBase.cpp" />
		<Unit filename="../../../src/web/DetailTableBase.h" />
		<Unit filename="../../../src/web/FlightTable.cpp" />
		<Unit filename="../../../src/web/FlightTable.h" />
		<Unit filename="../../../src/web/GliderTable.cpp" />
		<Unit filename="../../../src/web/GliderTable.h" />
		<Unit filename="../../../src/web/IgcImportForm.cpp" />
		<Unit filename="../../../src/web/IgcImportForm.h" />
		<Unit filename="../../../src/web/LocationTable.cpp" />
		<Unit filename="../../../src/web/LocationTable.h" />
		<Unit filename="../../../src/web/MainMenu.cpp" />
		<Unit filename="../../../src/web/MainMenu.h" />
		<Unit filename="../../../src/web/StatisticsTab.cpp" />
		<Unit filename="../../../src/web/StatisticsTab.h" />
		<Unit filename="../../../src/web/TabControl.cpp" />
		<Unit filename="../../../src/web/TabControl.h" />
		<Unit filename="../../../src/web/WelcomeScreen.cpp" />
		<Unit filename="../../../src/web/WelcomeScreen.h" />
		<Unit filename="../../../src/web/main.cpp" />
		<Unit filename="../../../src/web/main.h" />
		<Unit filename="../../../src/web/stat/StatBase.h" />
		<Unit filename="../../../src/web/stat/StatFlightReport.cpp" />
		<Unit filename="../../../src/web/stat/StatFlightReport.h" />
		<Unit filename="../../../src/web/stat/StatMap.cpp" />
		<Unit filename="../../../src/web/stat/StatMap.h" />
		<Unit filename="../../../src/web/stat/StatStandard.cpp" />
		<Unit filename="../../../src/web/stat/StatStandard.h" />
		<Unit filename="../../../src/web/stat/Wt/WGeoPosEdit" />
		<Unit filename="../../../src/web/stat/Wt/WGeoPosEdit.cpp" />
		<Unit filename="../../../src/web/stat/Wt/WLatLng" />
		<Extensions>
			<envvars />
			<code_completion />
			<lib_finder disable_auto="1" />
			<debugger />
		</Extensions>
	</Project>
</CodeBlocks_project_file>
