<?xml version="1.0" encoding="UTF-8" standalone="yes" ?>
<CodeBlocks_project_file>
	<FileVersion major="1" minor="6" />
	<Project>
		<Option title="Flugbuch2_wt" />
		<Option compiler="gcc" />
		<Build>
			<Target title="Debug">
				<Option output="bin/Debug/Flugbuch2_wt" prefix_auto="1" extension_auto="1" />
				<Option object_output="obj/Debug/" />
				<Option type="1" />
				<Option compiler="gcc" />
				<Option parameters="--docroot ../../../res --http-address 0.0.0.0 --http-port 8080" />
				<Compiler>
					<Add option="-march=pentium3" />
					<Add option="-g" />
					<Add option="-D__DEBUG" />
					<Add directory="../../../src/core" />
					<Add directory="../../../src/inout" />
					<Add directory="../../../src/web" />
					<Add directory="../../../src/util" />
				</Compiler>
				<Linker>
					<Add library="boost_date_time-mt-d" />
					<Add library="boost_serialization-mt-d" />
					<Add library="boost_signals-mt-d" />
					<Add library="wt" />
					<Add library="wtext" />
					<Add library="wthttp" />
				</Linker>
			</Target>
			<Target title="Release">
				<Option output="../../../res/flugbuch2.fcgi" prefix_auto="0" extension_auto="0" />
				<Option object_output="obj/Release/" />
				<Option type="1" />
				<Option compiler="gcc" />
				<Compiler>
					<Add option="-O2" />
					<Add directory="../../../src/core" />
					<Add directory="../../../src/inout" />
					<Add directory="../../../src/web" />
					<Add directory="../../../src/util" />
				</Compiler>
				<Linker>
					<Add option="-s" />
					<Add library="boost_date_time-mt" />
					<Add library="boost_serialization-mt" />
					<Add library="boost_signals-mt" />
					<Add library="wt" />
					<Add library="wtext" />
					<Add library="wtfcgi" />
					<Add library="libfcgi" />
				</Linker>
			</Target>
			<Target title="Debug_MSVC">
				<Option platforms="Windows;" />
				<Option output="bin/Debug_MSVC/Flugbuch2_wt" prefix_auto="1" extension_auto="1" />
				<Option object_output="obj/Debug_MSVC/" />
				<Option type="1" />
				<Option compiler="msvc8" />
				<Option use_console_runner="0" />
				<Option parameters="--docroot ../../../res --http-address 0.0.0.0 --http-port 8080" />
				<Compiler>
					<Add option="/MDd" />
					<Add option="/EHs" />
					<Add option="/GR" />
					<Add option="/Od" />
					<Add option="/W3" />
					<Add option="/Zc:forScope" />
					<Add option="/Zi /D_DEBUG" />
					<Add option="/DWIN32;_DEBUG;_CONSOLE" />
					<Add directory="../../../src/core" />
					<Add directory="../../../src/inout" />
					<Add directory="../../../src/web" />
					<Add directory="../../../src/util" />
				</Compiler>
				<Linker>
					<Add option="/DEBUG" />
					<Add library="libboost_date_time-vc80-mt-gd-1_36" />
					<Add library="libboost_serialization-vc80-mt-gd-1_36" />
					<Add library="libboost_signals-vc80-mt-gd-1_36" />
					<Add library="wtd" />
					<Add library="wtextd" />
					<Add library="wthttpd" />
					<Add library="Advapi32.lib" />
					<Add library="Winmm.lib" />
				</Linker>
			</Target>
			<Target title="Release_MSVC">
				<Option platforms="Windows;" />
				<Option output="bin/Release_MSVC/Flugbuch2_wt" prefix_auto="1" extension_auto="1" />
				<Option object_output="obj/Release_MSVC/" />
				<Option type="1" />
				<Option compiler="msvc8" />
				<Option use_console_runner="0" />
				<Option parameters="--docroot ../../../res --http-address 0.0.0.0 --http-port 8080" />
				<Compiler>
					<Add option="/MD" />
					<Add option="/TP" />
					<Add option="/Gd" />
					<Add option="/fp:precise" />
					<Add option="/fp:except-" />
					<Add option="/EHs" />
					<Add option="/GR" />
					<Add option="/O2" />
					<Add option="/W3" />
					<Add option="/Zc:forScope" />
					<Add option="/DWIN32;NDEBUG;_CONSOLE" />
					<Add directory="../../../src/core" />
					<Add directory="../../../src/inout" />
					<Add directory="../../../src/web" />
					<Add directory="../../../src/util" />
				</Compiler>
				<Linker>
					<Add library="libboost_date_time-vc80-mt-1_36" />
					<Add library="libboost_serialization-vc80-mt-1_36" />
					<Add library="libboost_signals-vc80-mt-1_36" />
					<Add library="wt" />
					<Add library="wtext" />
					<Add library="wthttp" />
					<Add library="Advapi32.lib" />
					<Add library="Winmm.lib" />
				</Linker>
			</Target>
		</Build>
		<Compiler>
			<Add option="-Wall" />
			<Add option="-fexceptions" />
		</Compiler>
		<Unit filename="../../../res/flugbuch2.css" />
		<Unit filename="../../../res/img/edit.png" />
		<Unit filename="../../../res/img/save.png" />
		<Unit filename="../../../src/core/CoreStructures.cpp" />
		<Unit filename="../../../src/core/CoreStructures.h" />
		<Unit filename="../../../src/core/FlightDatabase.cpp" />
		<Unit filename="../../../src/core/FlightDatabase.h" />
		<Unit filename="../../../src/core/MainExternalIncludes.h" />
		<Unit filename="../../../src/inout/inout.h" />
		<Unit filename="../../../src/inout/inout_mdb.cpp" />
		<Unit filename="../../../src/inout/inout_mdb.h" />
		<Unit filename="../../../src/inout/inout_xml.cpp" />
		<Unit filename="../../../src/inout/inout_xml.h" />
		<Unit filename="../../../src/util/FormatStr.h" />
		<Unit filename="../../../src/util/LocaleFormatting.h" />
		<Unit filename="../../../src/web/AreaTable.cpp" />
		<Unit filename="../../../src/web/AreaTable.h" />
		<Unit filename="../../../src/web/DetailTableBase.cpp" />
		<Unit filename="../../../src/web/DetailTableBase.h" />
		<Unit filename="../../../src/web/FlightTable.cpp" />
		<Unit filename="../../../src/web/FlightTable.h" />
		<Unit filename="../../../src/web/GliderTable.cpp" />
		<Unit filename="../../../src/web/GliderTable.h" />
		<Unit filename="../../../src/web/LocationTable.cpp" />
		<Unit filename="../../../src/web/LocationTable.h" />
		<Unit filename="../../../src/web/MainMenu.cpp" />
		<Unit filename="../../../src/web/MainMenu.h" />
		<Unit filename="../../../src/web/StatisticsTab.cpp" />
		<Unit filename="../../../src/web/StatisticsTab.h" />
		<Unit filename="../../../src/web/TabControl.cpp" />
		<Unit filename="../../../src/web/TabControl.h" />
		<Unit filename="../../../src/web/WelcomeScreen.cpp" />
		<Unit filename="../../../src/web/WelcomeScreen.h" />
		<Unit filename="../../../src/web/main.cpp" />
		<Unit filename="../../../src/web/main.h" />
		<Extensions>
			<envvars />
			<code_completion />
			<lib_finder disable_auto="1" />
			<debugger />
		</Extensions>
	</Project>
</CodeBlocks_project_file>
